dependencies:
- name: kube-state-metrics
  repository: https://prometheus-community.github.io/helm-charts
  version: 4.32.0
- name: prometheus-node-exporter
  repository: https://prometheus-community.github.io/helm-charts
  version: 4.29.0
- name: grafana
  repository: https://grafana.github.io/helm-charts
  version: 6.40.5
digest: sha256:ca2dcea98e7aaf7e129df8ba5ad4927a74193654a97cc9913e4a531bfcc150f2
generated: "2024-02-07T00:54:28.859501256Z"
