dependencies:
- name: kube-state-metrics
  repository: https://prometheus-community.github.io/helm-charts
  version: 4.32.0
- name: prometheus-node-exporter
  repository: https://prometheus-community.github.io/helm-charts
  version: 4.31.0
- name: grafana
  repository: https://grafana.github.io/helm-charts
  version: 6.40.5
digest: sha256:bcde195b5a325796211508821b185e1468bcb0c164e3bdb7921bfc0818ad5e10
generated: "2024-03-05T23:51:00.206519933Z"
