dependencies:
- name: fluent-bit
  repository: https://fluent.github.io/helm-charts
  version: 0.44.0
- name: kube-prometheus-stack
  repository: https://prometheus-community.github.io/helm-charts
  version: 40.5.0
- name: falco
  repository: https://falcosecurity.github.io/charts
  version: 3.3.0
- name: metrics-server
  repository: https://charts.bitnami.com/bitnami
  version: 6.13.1
- name: telegraf-operator
  repository: https://helm.influxdata.com/
  version: 1.4.0
- name: tailing-sidecar-operator
  repository: https://sumologic.github.io/tailing-sidecar
  version: 0.11.0
- name: opentelemetry-operator
  repository: https://open-telemetry.github.io/opentelemetry-helm-charts
  version: 0.52.4
digest: sha256:7477a6c60b444524e7ca4579b1d02bb972b2f3a8e3daaf0b54da0a50c9f0cb9d
generated: "2024-03-28T17:50:13.58599231Z"
