dependencies:
- name: fluent-bit
  repository: https://fluent.github.io/helm-charts
  version: 0.42.0
- name: kube-prometheus-stack
  repository: https://prometheus-community.github.io/helm-charts
  version: 40.5.0
- name: falco
  repository: https://falcosecurity.github.io/charts
  version: 3.3.0
- name: metrics-server
  repository: https://charts.bitnami.com/bitnami
  version: 6.6.6
- name: telegraf-operator
  repository: https://helm.influxdata.com/
  version: 1.3.12
- name: tailing-sidecar-operator
  repository: https://sumologic.github.io/tailing-sidecar
  version: 0.9.0
- name: opentelemetry-operator
  repository: https://open-telemetry.github.io/opentelemetry-helm-charts
  version: 0.44.4
digest: sha256:59a60358a45ec53fb221fb9a0c286b4cbe3e33e2feae3729fa18ef3063860d18
generated: "2024-01-11T00:24:31.569238757Z"
