dependencies:
- name: fluent-bit
  repository: https://fluent.github.io/helm-charts
  version: 0.43.0
- name: kube-prometheus-stack
  repository: https://prometheus-community.github.io/helm-charts
  version: 40.5.0
- name: falco
  repository: https://falcosecurity.github.io/charts
  version: 3.3.0
- name: metrics-server
  repository: https://charts.bitnami.com/bitnami
  version: 6.9.1
- name: telegraf-operator
  repository: https://helm.influxdata.com/
  version: 1.3.12
- name: tailing-sidecar-operator
  repository: https://sumologic.github.io/tailing-sidecar
  version: 0.9.0
- name: opentelemetry-operator
  repository: https://open-telemetry.github.io/opentelemetry-helm-charts
  version: 0.47.0
digest: sha256:e65661d1d54f08a39154be382d38575d72c28bbbfb541102ea6223873e85ce96
generated: "2024-02-06T21:39:41.397265473Z"
