dependencies:
- name: fluent-bit
  repository: https://fluent.github.io/helm-charts
  version: 0.42.0
- name: kube-prometheus-stack
  repository: https://prometheus-community.github.io/helm-charts
  version: 55.11.0
- name: falco
  repository: https://falcosecurity.github.io/charts
  version: 3.3.0
- name: metrics-server
  repository: https://charts.bitnami.com/bitnami
  version: 6.7.1
- name: telegraf-operator
  repository: https://helm.influxdata.com/
  version: 1.3.12
- name: tailing-sidecar-operator
  repository: https://sumologic.github.io/tailing-sidecar
  version: 0.9.0
- name: opentelemetry-operator
  repository: https://open-telemetry.github.io/opentelemetry-helm-charts
  version: 0.46.0
digest: sha256:0f9e8b3eb77b54618c65580900578b85f855806e7d9a1eb97da01d1515a12a7f
generated: "2024-01-18T23:33:20.387841021Z"
